
Microsoft Visual Studio Solution File, Format Version 12.00
# Visual Studio Version 17
VisualStudioVersion = 17.2.32630.192
MinimumVisualStudioVersion = 10.0.40219.1
Project("{FAE04EC0-301F-11D3-BF4B-00C04F79EFBC}") = "MyAppOfHotal", "MyAppOfHotal.csproj", "{5BF2AF79-7BDB-4729-995A-EEAE39E6559C}"
EndProject
Global
	GlobalSection(SolutionConfigurationPlatforms) = preSolution
		Debug|Any CPU = Debug|Any CPU
		Release|Any CPU = Release|Any CPU
	EndGlobalSection
	GlobalSection(ProjectConfigurationPlatforms) = postSolution
		{5BF2AF79-7BDB-4729-995A-EEAE39E6559C}.Debug|Any CPU.ActiveCfg = Debug|Any CPU
		{5BF2AF79-7BDB-4729-995A-EEAE39E6559C}.Debug|Any CPU.Build.0 = Debug|Any CPU
		{5BF2AF79-7BDB-4729-995A-EEAE39E6559C}.Release|Any CPU.ActiveCfg = Release|Any CPU
		{5BF2AF79-7BDB-4729-995A-EEAE39E6559C}.Release|Any CPU.Build.0 = Release|Any CPU
	EndGlobalSection
	GlobalSection(SolutionProperties) = preSolution
		HideSolutionNode = FALSE
	EndGlobalSection
	GlobalSection(ExtensibilityGlobals) = postSolution
		SolutionGuid = {F329F949-459C-4DF3-B9B6-B2836BE908A1}
	EndGlobalSection
EndGlobal
